
Microsoft Visual Studio Solution File, Format Version 12.00
# Visual Studio Version 17
VisualStudioVersion = 17.9.34902.65
MinimumVisualStudioVersion = 10.0.40219.1
Project("{FAE04EC0-301F-11D3-BF4B-00C04F79EFBC}") = "PostmanClone.UI", "PostmanClone.UI\PostmanClone.UI.csproj", "{E1EB14E6-94F7-47EA-BEA5-7D980392478F}"
EndProject
Project("{FAE04EC0-301F-11D3-BF4B-00C04F79EFBC}") = "PostmanClone.Library", "PostmanClone.Library\PostmanClone.Library.csproj", "{10DD12D6-8D41-4768-B130-47231E706FF6}"
EndProject
Global
	GlobalSection(SolutionConfigurationPlatforms) = preSolution
		Debug|Any CPU = Debug|Any CPU
		Release|Any CPU = Release|Any CPU
	EndGlobalSection
	GlobalSection(ProjectConfigurationPlatforms) = postSolution
		{E1EB14E6-94F7-47EA-BEA5-7D980392478F}.Debug|Any CPU.ActiveCfg = Debug|Any CPU
		{E1EB14E6-94F7-47EA-BEA5-7D980392478F}.Debug|Any CPU.Build.0 = Debug|Any CPU
		{E1EB14E6-94F7-47EA-BEA5-7D980392478F}.Release|Any CPU.ActiveCfg = Release|Any CPU
		{E1EB14E6-94F7-47EA-BEA5-7D980392478F}.Release|Any CPU.Build.0 = Release|Any CPU
		{10DD12D6-8D41-4768-B130-47231E706FF6}.Debug|Any CPU.ActiveCfg = Debug|Any CPU
		{10DD12D6-8D41-4768-B130-47231E706FF6}.Debug|Any CPU.Build.0 = Debug|Any CPU
		{10DD12D6-8D41-4768-B130-47231E706FF6}.Release|Any CPU.ActiveCfg = Release|Any CPU
		{10DD12D6-8D41-4768-B130-47231E706FF6}.Release|Any CPU.Build.0 = Release|Any CPU
	EndGlobalSection
	GlobalSection(SolutionProperties) = preSolution
		HideSolutionNode = FALSE
	EndGlobalSection
	GlobalSection(ExtensibilityGlobals) = postSolution
		SolutionGuid = {5A13C34F-63E9-4C7E-A6DA-2D91F8DC08C8}
	EndGlobalSection
EndGlobal
